PODS:
  - Alamofire (4.6.0)
  - Alertift (3.0)
  - Differentiator (3.0.2)
  - IQKeyboardManagerSwift (5.0.6)
  - LPM-Feedback (0.1.0):
    - IQKeyboardManagerSwift (~> 5)
    - SwiftCommons
  - Mortar/Core (1.4.0.1)
  - Mortar/MortarVFL (1.4.0.1):
    - Mortar/Core
  - Moya/Core (10.0.1):
    - Alamofire (~> 4.1)
    - Result (~> 3.0)
  - Moya/RxSwift (10.0.1):
    - Moya/Core
    - RxSwift (~> 4.0)
  - ObjectMapper (3.1.0)
  - Reactored (0.1.0):
    - RxSwift
  - Result (3.2.4)
  - RxCocoa (4.0.0):
    - RxSwift (~> 4.0)
  - RxDataSources (3.0.2):
    - Differentiator (~> 3.0)
    - RxCocoa (~> 4.0)
    - RxSwift (~> 4.0)
  - RxGesture (1.2.1):
    - RxCocoa (~> 4.0)
    - RxSwift (~> 4.0)
  - RxSwift (4.0.0)
  - SVProgressHUD (2.2.2)
  - SwiftCommons (0.1.0):
    - Alamofire
    - Alertift
    - Mortar/MortarVFL (~> 1.4)
    - Moya/RxSwift (~> 10.0)
    - ObjectMapper
    - Reactored
    - RxDataSources (~> 3.0)
    - RxGesture (~> 1.2)
    - RxSwift (~> 4)
    - SVProgressHUD
    - SwiftMessages
  - SwiftMessages (4.1.0)

DEPENDENCIES:
  - LPM-Feedback (from `../`)
  - Reactored (from `https://github.com/loup-studio/Reactored-iOS`)
  - SwiftCommons (from `https://github.com/loup-studio/Swift-Commons`)

EXTERNAL SOURCES:
  LPM-Feedback:
    :path: ../
  Reactored:
    :git: https://github.com/loup-studio/Reactored-iOS
  SwiftCommons:
    :git: https://github.com/loup-studio/Swift-Commons

CHECKOUT OPTIONS:
  Reactored:
    :commit: eac8e84b5fa6ce4c09512dd99767e64987bfee2b
    :git: https://github.com/loup-studio/Reactored-iOS
  SwiftCommons:
    :commit: 2b10e434c5e37346c4c7dca408c1b6a8840f26d5
    :git: https://github.com/loup-studio/Swift-Commons

SPEC CHECKSUMS:
  Alamofire: f41a599bd63041760b26d393ec1069d9d7b917f4
  Alertift: ffd7f53d819ea29b65a0d08e5a1468fac8cc0d6a
  Differentiator: a87be69eba49ec4ab460c7671143ee3a9eececfd
  IQKeyboardManagerSwift: 02bfbb0dff71c66d0ab77d80d25dfce0c3717735
  LPM-Feedback: de7177d9e159e188442c40df2d74a454b86c5855
  Mortar: bcbf54fcc90d7dda22a197543ba55f63e0618b2f
  Moya: 9e621707ff754eeb51ff3ec51a3d54e517c0733a
  ObjectMapper: 20505058f54e5c3ca69e1d6de9897d152a5369a6
  Reactored: 7edbe3b84bdf25e1e7e59dc23699e8ddff96fd44
  Result: d2d07204ce72856f1fd9130bbe42c35a7b0fea10
  RxCocoa: d62846ca96495d862fa4c59ea7d87e5031d7340e
  RxDataSources: cb7c31e652a87ebb919da45f716bbb87b3765f6b
  RxGesture: c278eb05b187abd47e11e65464ae4de53ab71d95
  RxSwift: fd680d75283beb5e2559486f3c0ff852f0d35334
  SVProgressHUD: 59b2d3dabacbd051576d21d32293ca7228dc18b0
  SwiftCommons: c1831854893b90c3cfd25b1f39d14ae1762c7617
  SwiftMessages: 1bacc783c8f10bdfdc57c14860cae8a1f1fa6591

PODFILE CHECKSUM: f6be330d1a9e141f7d1982c525acfffc3913c4f4

COCOAPODS: 1.3.1
